
Microsoft Visual Studio Solution File, Format Version 12.00
# Visual Studio Version 17
VisualStudioVersion = 17.1.32421.90
MinimumVisualStudioVersion = 10.0.40219.1
Project("{FAE04EC0-301F-11D3-BF4B-00C04F79EFBC}") = "CarComponents", "CarComponents\CarComponents.csproj", "{49D2A4FC-9F12-4BB5-8497-FBB305DE86B2}"
EndProject
Global
	GlobalSection(SolutionConfigurationPlatforms) = preSolution
		Debug|Any CPU = Debug|Any CPU
		Release|Any CPU = Release|Any CPU
	EndGlobalSection
	GlobalSection(ProjectConfigurationPlatforms) = postSolution
		{49D2A4FC-9F12-4BB5-8497-FBB305DE86B2}.Debug|Any CPU.ActiveCfg = Debug|Any CPU
		{49D2A4FC-9F12-4BB5-8497-FBB305DE86B2}.Debug|Any CPU.Build.0 = Debug|Any CPU
		{49D2A4FC-9F12-4BB5-8497-FBB305DE86B2}.Release|Any CPU.ActiveCfg = Release|Any CPU
		{49D2A4FC-9F12-4BB5-8497-FBB305DE86B2}.Release|Any CPU.Build.0 = Release|Any CPU
	EndGlobalSection
	GlobalSection(SolutionProperties) = preSolution
		HideSolutionNode = FALSE
	EndGlobalSection
	GlobalSection(ExtensibilityGlobals) = postSolution
		SolutionGuid = {7F8B422A-CFCE-4D04-B063-E78D37726650}
	EndGlobalSection
EndGlobal
